PODS:
  - IBAnimatable (3.0)
  - ObjectMapper (2.1.0)
  - R.swift (3.1.0):
    - R.swift.Library (~> 3.0.2)
  - R.swift.Library (3.0.2)
  - SwiftLocation (1.1.0)
  - UberRides (0.5.2):
    - ObjectMapper (~> 2.0)

DEPENDENCIES:
  - IBAnimatable
  - R.swift
  - SwiftLocation
  - UberRides (from `https://github.com/long/rides-ios-sdk.git`, branch `swift-3-dev`)

EXTERNAL SOURCES:
  UberRides:
    :branch: swift-3-dev
    :git: https://github.com/long/rides-ios-sdk.git

CHECKOUT OPTIONS:
  UberRides:
    :commit: 7ba4b33fe464de3520bccbb8eb35cb4015363130
    :git: https://github.com/long/rides-ios-sdk.git

SPEC CHECKSUMS:
  IBAnimatable: 5ac8e4c9f879e1840041362e41f7728bbbf16b35
  ObjectMapper: e5e0f8aef8590fc2ddcde7f27eddb255863ee6e9
  R.swift: 14400e5784224d1e4e59a8fc5549198c7e8fe360
  R.swift.Library: fbdec16c9802ad104fc1ba53415dc190e6ec5c73
  SwiftLocation: f1bf5acb7992dd96c6f773c383f9c0479f07727d
  UberRides: 96eb232374a6e8e616c20fdba83c2643a6ad08dc

PODFILE CHECKSUM: bcf6f1c68476cf0578582434a8d302c6a39b6ba4

COCOAPODS: 1.0.1
