// !$*UTF8*$!
{
	archiveVersion = 1;
	classes = {
	};
	objectVersion = 46;
	objects = {

/* Begin PBXBuildFile section */
		4016D04B1DAE1ABB00858136 /* AppDelegate.swift in Sources */ = {isa = PBXBuildFile; fileRef = 4016D04A1DAE1ABB00858136 /* AppDelegate.swift */; };
		4016D04D1DAE1ABB00858136 /* ViewController.swift in Sources */ = {isa = PBXBuildFile; fileRef = 4016D04C1DAE1ABB00858136 /* ViewController.swift */; };
		4016D0501DAE1ABB00858136 /* Main.storyboard in Resources */ = {isa = PBXBuildFile; fileRef = 4016D04E1DAE1ABB00858136 /* Main.storyboard */; };
		4016D0521DAE1ABB00858136 /* Assets.xcassets in Resources */ = {isa = PBXBuildFile; fileRef = 4016D0511DAE1ABB00858136 /* Assets.xcassets */; };
		4016D0551DAE1ABB00858136 /* LaunchScreen.storyboard in Resources */ = {isa = PBXBuildFile; fileRef = 4016D0531DAE1ABB00858136 /* LaunchScreen.storyboard */; };
		403329B71DB0C97000F46E61 /* R.generated.swift in Sources */ = {isa = PBXBuildFile; fileRef = 403329B61DB0C97000F46E61 /* R.generated.swift */; };
		403329BD1DB0CDE100F46E61 /* RideDetailTableViewCell.swift in Sources */ = {isa = PBXBuildFile; fileRef = 403329BC1DB0CDE100F46E61 /* RideDetailTableViewCell.swift */; };
		C4F7B38937A537EA44703B1C /* Pods_FareComparator.framework in Frameworks */ = {isa = PBXBuildFile; fileRef = B1DC73743D9D1485471B8192 /* Pods_FareComparator.framework */; };
/* End PBXBuildFile section */

/* Begin PBXFileReference section */
		4016D0471DAE1ABB00858136 /* FareComparator.app */ = {isa = PBXFileReference; explicitFileType = wrapper.application; includeInIndex = 0; path = FareComparator.app; sourceTree = BUILT_PRODUCTS_DIR; };
		4016D04A1DAE1ABB00858136 /* AppDelegate.swift */ = {isa = PBXFileReference; lastKnownFileType = sourcecode.swift; path = AppDelegate.swift; sourceTree = "<group>"; };
		4016D04C1DAE1ABB00858136 /* ViewController.swift */ = {isa = PBXFileReference; lastKnownFileType = sourcecode.swift; path = ViewController.swift; sourceTree = "<group>"; };
		4016D04F1DAE1ABB00858136 /* Base */ = {isa = PBXFileReference; lastKnownFileType = file.storyboard; name = Base; path = Base.lproj/Main.storyboard; sourceTree = "<group>"; };
		4016D0511DAE1ABB00858136 /* Assets.xcassets */ = {isa = PBXFileReference; lastKnownFileType = folder.assetcatalog; path = Assets.xcassets; sourceTree = "<group>"; };
		4016D0541DAE1ABB00858136 /* Base */ = {isa = PBXFileReference; lastKnownFileType = file.storyboard; name = Base; path = Base.lproj/LaunchScreen.storyboard; sourceTree = "<group>"; };
		4016D0561DAE1ABB00858136 /* Info.plist */ = {isa = PBXFileReference; lastKnownFileType = text.plist.xml; path = Info.plist; sourceTree = "<group>"; };
		403329B61DB0C97000F46E61 /* R.generated.swift */ = {isa = PBXFileReference; fileEncoding = 4; lastKnownFileType = sourcecode.swift; path = R.generated.swift; sourceTree = "<group>"; };
		403329BC1DB0CDE100F46E61 /* RideDetailTableViewCell.swift */ = {isa = PBXFileReference; fileEncoding = 4; lastKnownFileType = sourcecode.swift; path = RideDetailTableViewCell.swift; sourceTree = "<group>"; };
		912091598FCC5EF95D9123F1 /* Pods-FareComparator.release.xcconfig */ = {isa = PBXFileReference; includeInIndex = 1; lastKnownFileType = text.xcconfig; name = "Pods-FareComparator.release.xcconfig"; path = "Pods/Target Support Files/Pods-FareComparator/Pods-FareComparator.release.xcconfig"; sourceTree = "<group>"; };
		95BDD20D491E81052EA4CCE6 /* Pods-FareComparator.debug.xcconfig */ = {isa = PBXFileReference; includeInIndex = 1; lastKnownFileType = text.xcconfig; name = "Pods-FareComparator.debug.xcconfig"; path = "Pods/Target Support Files/Pods-FareComparator/Pods-FareComparator.debug.xcconfig"; sourceTree = "<group>"; };
		B1DC73743D9D1485471B8192 /* Pods_FareComparator.framework */ = {isa = PBXFileReference; explicitFileType = wrapper.framework; includeInIndex = 0; path = Pods_FareComparator.framework; sourceTree = BUILT_PRODUCTS_DIR; };
/* End PBXFileReference section */

/* Begin PBXFrameworksBuildPhase section */
		4016D0441DAE1ABB00858136 /* Frameworks */ = {
			isa = PBXFrameworksBuildPhase;
			buildActionMask = 2147483647;
			files = (
				C4F7B38937A537EA44703B1C /* Pods_FareComparator.framework in Frameworks */,
			);
			runOnlyForDeploymentPostprocessing = 0;
		};
/* End PBXFrameworksBuildPhase section */

/* Begin PBXGroup section */
		13CED954B8CF9E9AFE952683 /* Frameworks */ = {
			isa = PBXGroup;
			children = (
				403329B61DB0C97000F46E61 /* R.generated.swift */,
				B1DC73743D9D1485471B8192 /* Pods_FareComparator.framework */,
			);
			name = Frameworks;
			sourceTree = "<group>";
		};
		4016D03E1DAE1ABB00858136 = {
			isa = PBXGroup;
			children = (
				4016D0491DAE1ABB00858136 /* FareComparator */,
				4016D0481DAE1ABB00858136 /* Products */,
				65B78C13DA89753B4E07F356 /* Pods */,
				13CED954B8CF9E9AFE952683 /* Frameworks */,
			);
			sourceTree = "<group>";
		};
		4016D0481DAE1ABB00858136 /* Products */ = {
			isa = PBXGroup;
			children = (
				4016D0471DAE1ABB00858136 /* FareComparator.app */,
			);
			name = Products;
			sourceTree = "<group>";
		};
		4016D0491DAE1ABB00858136 /* FareComparator */ = {
			isa = PBXGroup;
			children = (
				403329BB1DB0CBD300F46E61 /* Controller */,
				403329BA1DB0CBCB00F46E61 /* View */,
				403329B81DB0CBBE00F46E61 /* Modal */,
				4016D04A1DAE1ABB00858136 /* AppDelegate.swift */,
				4016D04E1DAE1ABB00858136 /* Main.storyboard */,
				4016D0511DAE1ABB00858136 /* Assets.xcassets */,
				4016D0531DAE1ABB00858136 /* LaunchScreen.storyboard */,
				4016D0561DAE1ABB00858136 /* Info.plist */,
			);
			path = FareComparator;
			sourceTree = "<group>";
		};
		403329B81DB0CBBE00F46E61 /* Modal */ = {
			isa = PBXGroup;
			children = (
			);
			name = Modal;
			sourceTree = "<group>";
		};
		403329BA1DB0CBCB00F46E61 /* View */ = {
			isa = PBXGroup;
			children = (
				403329BC1DB0CDE100F46E61 /* RideDetailTableViewCell.swift */,
			);
			name = View;
			sourceTree = "<group>";
		};
		403329BB1DB0CBD300F46E61 /* Controller */ = {
			isa = PBXGroup;
			children = (
				4016D04C1DAE1ABB00858136 /* ViewController.swift */,
			);
			name = Controller;
			sourceTree = "<group>";
		};
		65B78C13DA89753B4E07F356 /* Pods */ = {
			isa = PBXGroup;
			children = (
				95BDD20D491E81052EA4CCE6 /* Pods-FareComparator.debug.xcconfig */,
				912091598FCC5EF95D9123F1 /* Pods-FareComparator.release.xcconfig */,
			);
			name = Pods;
			sourceTree = "<group>";
		};
/* End PBXGroup section */

/* Begin PBXNativeTarget section */
		4016D0461DAE1ABB00858136 /* FareComparator */ = {
			isa = PBXNativeTarget;
			buildConfigurationList = 4016D0591DAE1ABB00858136 /* Build configuration list for PBXNativeTarget "FareComparator" */;
			buildPhases = (
				1166CD7D061F1EB30D30789A /* [CP] Check Pods Manifest.lock */,
				403329B51DB0C91900F46E61 /* ShellScript */,
				4016D0431DAE1ABB00858136 /* Sources */,
				4016D0441DAE1ABB00858136 /* Frameworks */,
				4016D0451DAE1ABB00858136 /* Resources */,
				B95423C5989EE425B256E936 /* [CP] Embed Pods Frameworks */,
				908ABB6B34A9DF0088E8B197 /* [CP] Copy Pods Resources */,
			);
			buildRules = (
			);
			dependencies = (
			);
			name = FareComparator;
			productName = FareComparator;
			productReference = 4016D0471DAE1ABB00858136 /* FareComparator.app */;
			productType = "com.apple.product-type.application";
		};
/* End PBXNativeTarget section */

/* Begin PBXProject section */
		4016D03F1DAE1ABB00858136 /* Project object */ = {
			isa = PBXProject;
			attributes = {
				LastSwiftUpdateCheck = 0800;
				LastUpgradeCheck = 0800;
				ORGANIZATIONNAME = "Bokang Huang";
				TargetAttributes = {
					4016D0461DAE1ABB00858136 = {
						CreatedOnToolsVersion = 8.0;
						DevelopmentTeam = TCXFX6H5P2;
						ProvisioningStyle = Automatic;
					};
				};
			};
			buildConfigurationList = 4016D0421DAE1ABB00858136 /* Build configuration list for PBXProject "FareComparator" */;
			compatibilityVersion = "Xcode 3.2";
			developmentRegion = English;
			hasScannedForEncodings = 0;
			knownRegions = (
				en,
				Base,
			);
			mainGroup = 4016D03E1DAE1ABB00858136;
			productRefGroup = 4016D0481DAE1ABB00858136 /* Products */;
			projectDirPath = "";
			projectRoot = "";
			targets = (
				4016D0461DAE1ABB00858136 /* FareComparator */,
			);
		};
/* End PBXProject section */

/* Begin PBXResourcesBuildPhase section */
		4016D0451DAE1ABB00858136 /* Resources */ = {
			isa = PBXResourcesBuildPhase;
			buildActionMask = 2147483647;
			files = (
				4016D0551DAE1ABB00858136 /* LaunchScreen.storyboard in Resources */,
				4016D0521DAE1ABB00858136 /* Assets.xcassets in Resources */,
				4016D0501DAE1ABB00858136 /* Main.storyboard in Resources */,
			);
			runOnlyForDeploymentPostprocessing = 0;
		};
/* End PBXResourcesBuildPhase section */

/* Begin PBXShellScriptBuildPhase section */
		1166CD7D061F1EB30D30789A /* [CP] Check Pods Manifest.lock */ = {
			isa = PBXShellScriptBuildPhase;
			buildActionMask = 2147483647;
			files = (
			);
			inputPaths = (
			);
			name = "[CP] Check Pods Manifest.lock";
			outputPaths = (
			);
			runOnlyForDeploymentPostprocessing = 0;
			shellPath = /bin/sh;
			shellScript = "diff \"${PODS_ROOT}/../Podfile.lock\" \"${PODS_ROOT}/Manifest.lock\" > /dev/null\nif [[ $? != 0 ]] ; then\n    cat << EOM\nerror: The sandbox is not in sync with the Podfile.lock. Run 'pod install' or update your CocoaPods installation.\nEOM\n    exit 1\nfi\n";
			showEnvVarsInLog = 0;
		};
		403329B51DB0C91900F46E61 /* ShellScript */ = {
			isa = PBXShellScriptBuildPhase;
			buildActionMask = 2147483647;
			files = (
			);
			inputPaths = (
			);
			outputPaths = (
			);
			runOnlyForDeploymentPostprocessing = 0;
			shellPath = /bin/sh;
			shellScript = "\"$PODS_ROOT/R.swift/rswift\" \"$SRCROOT\"";
		};
		908ABB6B34A9DF0088E8B197 /* [CP] Copy Pods Resources */ = {
			isa = PBXShellScriptBuildPhase;
			buildActionMask = 2147483647;
			files = (
			);
			inputPaths = (
			);
			name = "[CP] Copy Pods Resources";
			outputPaths = (
			);
			runOnlyForDeploymentPostprocessing = 0;
			shellPath = /bin/sh;
			shellScript = "\"${SRCROOT}/Pods/Target Support Files/Pods-FareComparator/Pods-FareComparator-resources.sh\"\n";
			showEnvVarsInLog = 0;
		};
		B95423C5989EE425B256E936 /* [CP] Embed Pods Frameworks */ = {
			isa = PBXShellScriptBuildPhase;
			buildActionMask = 2147483647;
			files = (
			);
			inputPaths = (
			);
			name = "[CP] Embed Pods Frameworks";
			outputPaths = (
			);
			runOnlyForDeploymentPostprocessing = 0;
			shellPath = /bin/sh;
			shellScript = "\"${SRCROOT}/Pods/Target Support Files/Pods-FareComparator/Pods-FareComparator-frameworks.sh\"\n";
			showEnvVarsInLog = 0;
		};
/* End PBXShellScriptBuildPhase section */

/* Begin PBXSourcesBuildPhase section */
		4016D0431DAE1ABB00858136 /* Sources */ = {
			isa = PBXSourcesBuildPhase;
			buildActionMask = 2147483647;
			files = (
				4016D04D1DAE1ABB00858136 /* ViewController.swift in Sources */,
				4016D04B1DAE1ABB00858136 /* AppDelegate.swift in Sources */,
				403329BD1DB0CDE100F46E61 /* RideDetailTableViewCell.swift in Sources */,
				403329B71DB0C97000F46E61 /* R.generated.swift in Sources */,
			);
			runOnlyForDeploymentPostprocessing = 0;
		};
/* End PBXSourcesBuildPhase section */

/* Begin PBXVariantGroup section */
		4016D04E1DAE1ABB00858136 /* Main.storyboard */ = {
			isa = PBXVariantGroup;
			children = (
				4016D04F1DAE1ABB00858136 /* Base */,
			);
			name = Main.storyboard;
			sourceTree = "<group>";
		};
		4016D0531DAE1ABB00858136 /* LaunchScreen.storyboard */ = {
			isa = PBXVariantGroup;
			children = (
				4016D0541DAE1ABB00858136 /* Base */,
			);
			name = LaunchScreen.storyboard;
			sourceTree = "<group>";
		};
/* End PBXVariantGroup section */

/* Begin XCBuildConfiguration section */
		4016D0571DAE1ABB00858136 /* Debug */ = {
			isa = XCBuildConfiguration;
			buildSettings = {
				ALWAYS_SEARCH_USER_PATHS = NO;
				CLANG_ANALYZER_NONNULL = YES;
				CLANG_CXX_LANGUAGE_STANDARD = "gnu++0x";
				CLANG_CXX_LIBRARY = "libc++";
				CLANG_ENABLE_MODULES = YES;
				CLANG_ENABLE_OBJC_ARC = YES;
				CLANG_WARN_BOOL_CONVERSION = YES;
				CLANG_WARN_CONSTANT_CONVERSION = YES;
				CLANG_WARN_DIRECT_OBJC_ISA_USAGE = YES_ERROR;
				CLANG_WARN_DOCUMENTATION_COMMENTS = YES;
				CLANG_WARN_EMPTY_BODY = YES;
				CLANG_WARN_ENUM_CONVERSION = YES;
				CLANG_WARN_INFINITE_RECURSION = YES;
				CLANG_WARN_INT_CONVERSION = YES;
				CLANG_WARN_OBJC_ROOT_CLASS = YES_ERROR;
				CLANG_WARN_SUSPICIOUS_MOVE = YES;
				CLANG_WARN_SUSPICIOUS_MOVES = YES;
				CLANG_WARN_UNREACHABLE_CODE = YES;
				CLANG_WARN__DUPLICATE_METHOD_MATCH = YES;
				"CODE_SIGN_IDENTITY[sdk=iphoneos*]" = "iPhone Developer";
				COPY_PHASE_STRIP = NO;
				DEBUG_INFORMATION_FORMAT = dwarf;
				ENABLE_STRICT_OBJC_MSGSEND = YES;
				ENABLE_TESTABILITY = YES;
				GCC_C_LANGUAGE_STANDARD = gnu99;
				GCC_DYNAMIC_NO_PIC = NO;
				GCC_NO_COMMON_BLOCKS = YES;
				GCC_OPTIMIZATION_LEVEL = 0;
				GCC_PREPROCESSOR_DEFINITIONS = (
					"DEBUG=1",
					"$(inherited)",
				);
				GCC_WARN_64_TO_32_BIT_CONVERSION = YES;
				GCC_WARN_ABOUT_RETURN_TYPE = YES_ERROR;
				GCC_WARN_UNDECLARED_SELECTOR = YES;
				GCC_WARN_UNINITIALIZED_AUTOS = YES_AGGRESSIVE;
				GCC_WARN_UNUSED_FUNCTION = YES;
				GCC_WARN_UNUSED_VARIABLE = YES;
				IPHONEOS_DEPLOYMENT_TARGET = 9.0;
				MTL_ENABLE_DEBUG_INFO = YES;
				ONLY_ACTIVE_ARCH = YES;
				SDKROOT = iphoneos;
				SWIFT_ACTIVE_COMPILATION_CONDITIONS = DEBUG;
				SWIFT_OPTIMIZATION_LEVEL = "-Onone";
			};
			name = Debug;
		};
		4016D0581DAE1ABB00858136 /* Release */ = {
			isa = XCBuildConfiguration;
			buildSettings = {
				ALWAYS_SEARCH_USER_PATHS = NO;
				CLANG_ANALYZER_NONNULL = YES;
				CLANG_CXX_LANGUAGE_STANDARD = "gnu++0x";
				CLANG_CXX_LIBRARY = "libc++";
				CLANG_ENABLE_MODULES = YES;
				CLANG_ENABLE_OBJC_ARC = YES;
				CLANG_WARN_BOOL_CONVERSION = YES;
				CLANG_WARN_CONSTANT_CONVERSION = YES;
				CLANG_WARN_DIRECT_OBJC_ISA_USAGE = YES_ERROR;
				CLANG_WARN_DOCUMENTATION_COMMENTS = YES;
				CLANG_WARN_EMPTY_BODY = YES;
				CLANG_WARN_ENUM_CONVERSION = YES;
				CLANG_WARN_INFINITE_RECURSION = YES;
				CLANG_WARN_INT_CONVERSION = YES;
				CLANG_WARN_OBJC_ROOT_CLASS = YES_ERROR;
				CLANG_WARN_SUSPICIOUS_MOVE = YES;
				CLANG_WARN_SUSPICIOUS_MOVES = YES;
				CLANG_WARN_UNREACHABLE_CODE = YES;
				CLANG_WARN__DUPLICATE_METHOD_MATCH = YES;
				"CODE_SIGN_IDENTITY[sdk=iphoneos*]" = "iPhone Developer";
				COPY_PHASE_STRIP = NO;
				DEBUG_INFORMATION_FORMAT = "dwarf-with-dsym";
				ENABLE_NS_ASSERTIONS = NO;
				ENABLE_STRICT_OBJC_MSGSEND = YES;
				GCC_C_LANGUAGE_STANDARD = gnu99;
				GCC_NO_COMMON_BLOCKS = YES;
				GCC_WARN_64_TO_32_BIT_CONVERSION = YES;
				GCC_WARN_ABOUT_RETURN_TYPE = YES_ERROR;
				GCC_WARN_UNDECLARED_SELECTOR = YES;
				GCC_WARN_UNINITIALIZED_AUTOS = YES_AGGRESSIVE;
				GCC_WARN_UNUSED_FUNCTION = YES;
				GCC_WARN_UNUSED_VARIABLE = YES;
				IPHONEOS_DEPLOYMENT_TARGET = 9.0;
				MTL_ENABLE_DEBUG_INFO = NO;
				SDKROOT = iphoneos;
				SWIFT_OPTIMIZATION_LEVEL = "-Owholemodule";
				VALIDATE_PRODUCT = YES;
			};
			name = Release;
		};
		4016D05A1DAE1ABB00858136 /* Debug */ = {
			isa = XCBuildConfiguration;
			baseConfigurationReference = 95BDD20D491E81052EA4CCE6 /* Pods-FareComparator.debug.xcconfig */;
			buildSettings = {
				ALWAYS_EMBED_SWIFT_STANDARD_LIBRARIES = YES;
				ASSETCATALOG_COMPILER_APPICON_NAME = AppIcon;
				"CODE_SIGN_IDENTITY[sdk=iphoneos*]" = "iPhone Developer";
				DEVELOPMENT_TEAM = TCXFX6H5P2;
				INFOPLIST_FILE = FareComparator/Info.plist;
				IPHONEOS_DEPLOYMENT_TARGET = 9.0;
				LD_RUNPATH_SEARCH_PATHS = "$(inherited) @executable_path/Frameworks";
				PRODUCT_BUNDLE_IDENTIFIER = com.bk.FareComparator;
				PRODUCT_NAME = "$(TARGET_NAME)";
				SWIFT_VERSION = 3.0;
			};
			name = Debug;
		};
		4016D05B1DAE1ABB00858136 /* Release */ = {
			isa = XCBuildConfiguration;
			baseConfigurationReference = 912091598FCC5EF95D9123F1 /* Pods-FareComparator.release.xcconfig */;
			buildSettings = {
				ALWAYS_EMBED_SWIFT_STANDARD_LIBRARIES = YES;
				ASSETCATALOG_COMPILER_APPICON_NAME = AppIcon;
				"CODE_SIGN_IDENTITY[sdk=iphoneos*]" = "iPhone Developer";
				DEVELOPMENT_TEAM = TCXFX6H5P2;
				INFOPLIST_FILE = FareComparator/Info.plist;
				IPHONEOS_DEPLOYMENT_TARGET = 9.0;
				LD_RUNPATH_SEARCH_PATHS = "$(inherited) @executable_path/Frameworks";
				PRODUCT_BUNDLE_IDENTIFIER = com.bk.FareComparator;
				PRODUCT_NAME = "$(TARGET_NAME)";
				SWIFT_VERSION = 3.0;
			};
			name = Release;
		};
/* End XCBuildConfiguration section */

/* Begin XCConfigurationList section */
		4016D0421DAE1ABB00858136 /* Build configuration list for PBXProject "FareComparator" */ = {
			isa = XCConfigurationList;
			buildConfigurations = (
				4016D0571DAE1ABB00858136 /* Debug */,
				4016D0581DAE1ABB00858136 /* Release */,
			);
			defaultConfigurationIsVisible = 0;
			defaultConfigurationName = Release;
		};
		4016D0591DAE1ABB00858136 /* Build configuration list for PBXNativeTarget "FareComparator" */ = {
			isa = XCConfigurationList;
			buildConfigurations = (
				4016D05A1DAE1ABB00858136 /* Debug */,
				4016D05B1DAE1ABB00858136 /* Release */,
			);
			defaultConfigurationIsVisible = 0;
			defaultConfigurationName = Release;
		};
/* End XCConfigurationList section */
	};
	rootObject = 4016D03F1DAE1ABB00858136 /* Project object */;
}
